# This file is automatically @generated by Poetry 1.7.1 and should not be changed by hand.

[[package]]
name = "dash"
version = "0.1.0"
description = "A modern list library for Hy"
optional = false
python-versions = ">=3.11,<3.13"
files = []
develop = false

[package.dependencies]
hy = "^0.27.0"

[package.source]
type = "git"
url = "https://github.com/vhqr0/dash.hy.git"
reference = "HEAD"
resolved_reference = "4a1bb9711082dead092a837d449da6d72dd8a91a"

[[package]]
name = "funcparserlib"
version = "1.0.1"
description = "Recursive descent parsing library based on functional combinators"
optional = false
python-versions = ">=2.7, !=3.0.*, !=3.1.*, !=3.2.*, !=3.3.*, !=3.4.*, !=3.5.*, !=3.6.*"
files = [
    {file = "funcparserlib-1.0.1-py2.py3-none-any.whl", hash = "sha256:95da15d3f0d00b9b6f4bf04005c708af3faa115f7b45692ace064ebe758c68e8"},
    {file = "funcparserlib-1.0.1.tar.gz", hash = "sha256:a2c4a0d7942f7a0e7635c369d921066c8d4cae7f8b5bf7914466bec3c69837f4"},
]

[[package]]
name = "hy"
version = "0.27.0"
description = "A Lisp dialect embedded in Python"
optional = false
python-versions = ">= 3.8, < 3.13"
files = [
    {file = "hy-0.27.0.tar.gz", hash = "sha256:5d646e32b01fea740057b856639c672489d27ec7f9cc882363951c748d2b5ceb"},
]

[package.dependencies]
funcparserlib = ">=1.0,<2.0"

[metadata]
lock-version = "2.0"
python-versions = ">=3.11,<3.13"
content-hash = "426f5ab1ff649d59648efaf9d2443cf2c372d8fe0866a45fcb828a8bbe79f0a4"
